// !$*UTF8*$!
{
	archiveVersion = 1;
	classes = {
	};
	objectVersion = 46;
	objects = {

/* Begin PBXBuildFile section */
		04D6A0261D74C6F900E290B6 /* main.m in Sources */ = {isa = PBXBuildFile; fileRef = 04D6A0251D74C6F900E290B6 /* main.m */; };
		04D6A0291D74C6F900E290B6 /* AppDelegate.m in Sources */ = {isa = PBXBuildFile; fileRef = 04D6A0281D74C6F900E290B6 /* AppDelegate.m */; };
		04D6A02C1D74C6F900E290B6 /* ViewController.m in Sources */ = {isa = PBXBuildFile; fileRef = 04D6A02B1D74C6F900E290B6 /* ViewController.m */; };
		04D6A02F1D74C6F900E290B6 /* Main.storyboard in Resources */ = {isa = PBXBuildFile; fileRef = 04D6A02D1D74C6F900E290B6 /* Main.storyboard */; };
		04D6A0311D74C6F900E290B6 /* Assets.xcassets in Resources */ = {isa = PBXBuildFile; fileRef = 04D6A0301D74C6F900E290B6 /* Assets.xcassets */; };
		04D6A0341D74C6F900E290B6 /* LaunchScreen.storyboard in Resources */ = {isa = PBXBuildFile; fileRef = 04D6A0321D74C6F900E290B6 /* LaunchScreen.storyboard */; };
		04D6A0481D74C88C00E290B6 /* ioapi.c in Sources */ = {isa = PBXBuildFile; fileRef = 04D6A03E1D74C88C00E290B6 /* ioapi.c */; };
		04D6A0491D74C88C00E290B6 /* mztools.c in Sources */ = {isa = PBXBuildFile; fileRef = 04D6A0401D74C88C00E290B6 /* mztools.c */; };
		04D6A04A1D74C88C00E290B6 /* unzip.c in Sources */ = {isa = PBXBuildFile; fileRef = 04D6A0421D74C88C00E290B6 /* unzip.c */; };
		04D6A04B1D74C88C00E290B6 /* zip.c in Sources */ = {isa = PBXBuildFile; fileRef = 04D6A0441D74C88C00E290B6 /* zip.c */; };
		04D6A04C1D74C88C00E290B6 /* SSZipArchive.m in Sources */ = {isa = PBXBuildFile; fileRef = 04D6A0471D74C88C00E290B6 /* SSZipArchive.m */; };
		04D6A04E1D74C8F000E290B6 /* libz.tbd in Frameworks */ = {isa = PBXBuildFile; fileRef = 04D6A04D1D74C8F000E290B6 /* libz.tbd */; };
/* End PBXBuildFile section */

/* Begin PBXFileReference section */
		04D6A0211D74C6F900E290B6 /* 压缩与解压缩.app */ = {isa = PBXFileReference; explicitFileType = wrapper.application; includeInIndex = 0; path = "压缩与解压缩.app"; sourceTree = BUILT_PRODUCTS_DIR; };
		04D6A0251D74C6F900E290B6 /* main.m */ = {isa = PBXFileReference; lastKnownFileType = sourcecode.c.objc; path = main.m; sourceTree = "<group>"; };
		04D6A0271D74C6F900E290B6 /* AppDelegate.h */ = {isa = PBXFileReference; lastKnownFileType = sourcecode.c.h; path = AppDelegate.h; sourceTree = "<group>"; };
		04D6A0281D74C6F900E290B6 /* AppDelegate.m */ = {isa = PBXFileReference; lastKnownFileType = sourcecode.c.objc; path = AppDelegate.m; sourceTree = "<group>"; };
		04D6A02A1D74C6F900E290B6 /* ViewController.h */ = {isa = PBXFileReference; lastKnownFileType = sourcecode.c.h; path = ViewController.h; sourceTree = "<group>"; };
		04D6A02B1D74C6F900E290B6 /* ViewController.m */ = {isa = PBXFileReference; lastKnownFileType = sourcecode.c.objc; path = ViewController.m; sourceTree = "<group>"; };
		04D6A02E1D74C6F900E290B6 /* Base */ = {isa = PBXFileReference; lastKnownFileType = file.storyboard; name = Base; path = Base.lproj/Main.storyboard; sourceTree = "<group>"; };
		04D6A0301D74C6F900E290B6 /* Assets.xcassets */ = {isa = PBXFileReference; lastKnownFileType = folder.assetcatalog; path = Assets.xcassets; sourceTree = "<group>"; };
		04D6A0331D74C6F900E290B6 /* Base */ = {isa = PBXFileReference; lastKnownFileType = file.storyboard; name = Base; path = Base.lproj/LaunchScreen.storyboard; sourceTree = "<group>"; };
		04D6A0351D74C6F900E290B6 /* Info.plist */ = {isa = PBXFileReference; lastKnownFileType = text.plist.xml; path = Info.plist; sourceTree = "<group>"; };
		04D6A03D1D74C88C00E290B6 /* crypt.h */ = {isa = PBXFileReference; fileEncoding = 4; lastKnownFileType = sourcecode.c.h; path = crypt.h; sourceTree = "<group>"; };
		04D6A03E1D74C88C00E290B6 /* ioapi.c */ = {isa = PBXFileReference; fileEncoding = 4; lastKnownFileType = sourcecode.c.c; path = ioapi.c; sourceTree = "<group>"; };
		04D6A03F1D74C88C00E290B6 /* ioapi.h */ = {isa = PBXFileReference; fileEncoding = 4; lastKnownFileType = sourcecode.c.h; path = ioapi.h; sourceTree = "<group>"; };
		04D6A0401D74C88C00E290B6 /* mztools.c */ = {isa = PBXFileReference; fileEncoding = 4; lastKnownFileType = sourcecode.c.c; path = mztools.c; sourceTree = "<group>"; };
		04D6A0411D74C88C00E290B6 /* mztools.h */ = {isa = PBXFileReference; fileEncoding = 4; lastKnownFileType = sourcecode.c.h; path = mztools.h; sourceTree = "<group>"; };
		04D6A0421D74C88C00E290B6 /* unzip.c */ = {isa = PBXFileReference; fileEncoding = 4; lastKnownFileType = sourcecode.c.c; path = unzip.c; sourceTree = "<group>"; };
		04D6A0431D74C88C00E290B6 /* unzip.h */ = {isa = PBXFileReference; fileEncoding = 4; lastKnownFileType = sourcecode.c.h; path = unzip.h; sourceTree = "<group>"; };
		04D6A0441D74C88C00E290B6 /* zip.c */ = {isa = PBXFileReference; fileEncoding = 4; lastKnownFileType = sourcecode.c.c; path = zip.c; sourceTree = "<group>"; };
		04D6A0451D74C88C00E290B6 /* zip.h */ = {isa = PBXFileReference; fileEncoding = 4; lastKnownFileType = sourcecode.c.h; path = zip.h; sourceTree = "<group>"; };
		04D6A0461D74C88C00E290B6 /* SSZipArchive.h */ = {isa = PBXFileReference; fileEncoding = 4; lastKnownFileType = sourcecode.c.h; path = SSZipArchive.h; sourceTree = "<group>"; };
		04D6A0471D74C88C00E290B6 /* SSZipArchive.m */ = {isa = PBXFileReference; fileEncoding = 4; lastKnownFileType = sourcecode.c.objc; path = SSZipArchive.m; sourceTree = "<group>"; };
		04D6A04D1D74C8F000E290B6 /* libz.tbd */ = {isa = PBXFileReference; lastKnownFileType = "sourcecode.text-based-dylib-definition"; name = libz.tbd; path = usr/lib/libz.tbd; sourceTree = SDKROOT; };
/* End PBXFileReference section */

/* Begin PBXFrameworksBuildPhase section */
		04D6A01E1D74C6F900E290B6 /* Frameworks */ = {
			isa = PBXFrameworksBuildPhase;
			buildActionMask = 2147483647;
			files = (
				04D6A04E1D74C8F000E290B6 /* libz.tbd in Frameworks */,
			);
			runOnlyForDeploymentPostprocessing = 0;
		};
/* End PBXFrameworksBuildPhase section */

/* Begin PBXGroup section */
		04D6A0181D74C6F900E290B6 = {
			isa = PBXGroup;
			children = (
				04D6A04D1D74C8F000E290B6 /* libz.tbd */,
				04D6A03B1D74C88C00E290B6 /* SSZipArchive */,
				04D6A0231D74C6F900E290B6 /* 压缩与解压缩 */,
				04D6A0221D74C6F900E290B6 /* Products */,
			);
			sourceTree = "<group>";
		};
		04D6A0221D74C6F900E290B6 /* Products */ = {
			isa = PBXGroup;
			children = (
				04D6A0211D74C6F900E290B6 /* 压缩与解压缩.app */,
			);
			name = Products;
			sourceTree = "<group>";
		};
		04D6A0231D74C6F900E290B6 /* 压缩与解压缩 */ = {
			isa = PBXGroup;
			children = (
				04D6A0271D74C6F900E290B6 /* AppDelegate.h */,
				04D6A0281D74C6F900E290B6 /* AppDelegate.m */,
				04D6A02A1D74C6F900E290B6 /* ViewController.h */,
				04D6A02B1D74C6F900E290B6 /* ViewController.m */,
				04D6A02D1D74C6F900E290B6 /* Main.storyboard */,
				04D6A0301D74C6F900E290B6 /* Assets.xcassets */,
				04D6A0321D74C6F900E290B6 /* LaunchScreen.storyboard */,
				04D6A0351D74C6F900E290B6 /* Info.plist */,
				04D6A0241D74C6F900E290B6 /* Supporting Files */,
			);
			path = "压缩与解压缩";
			sourceTree = "<group>";
		};
		04D6A0241D74C6F900E290B6 /* Supporting Files */ = {
			isa = PBXGroup;
			children = (
				04D6A0251D74C6F900E290B6 /* main.m */,
			);
			name = "Supporting Files";
			sourceTree = "<group>";
		};
		04D6A03B1D74C88C00E290B6 /* SSZipArchive */ = {
			isa = PBXGroup;
			children = (
				04D6A03C1D74C88C00E290B6 /* minizip */,
				04D6A0461D74C88C00E290B6 /* SSZipArchive.h */,
				04D6A0471D74C88C00E290B6 /* SSZipArchive.m */,
			);
			path = SSZipArchive;
			sourceTree = "<group>";
		};
		04D6A03C1D74C88C00E290B6 /* minizip */ = {
			isa = PBXGroup;
			children = (
				04D6A03D1D74C88C00E290B6 /* crypt.h */,
				04D6A03E1D74C88C00E290B6 /* ioapi.c */,
				04D6A03F1D74C88C00E290B6 /* ioapi.h */,
				04D6A0401D74C88C00E290B6 /* mztools.c */,
				04D6A0411D74C88C00E290B6 /* mztools.h */,
				04D6A0421D74C88C00E290B6 /* unzip.c */,
				04D6A0431D74C88C00E290B6 /* unzip.h */,
				04D6A0441D74C88C00E290B6 /* zip.c */,
				04D6A0451D74C88C00E290B6 /* zip.h */,
			);
			path = minizip;
			sourceTree = "<group>";
		};
/* End PBXGroup section */

/* Begin PBXNativeTarget section */
		04D6A0201D74C6F900E290B6 /* 压缩与解压缩 */ = {
			isa = PBXNativeTarget;
			buildConfigurationList = 04D6A0381D74C6F900E290B6 /* Build configuration list for PBXNativeTarget "压缩与解压缩" */;
			buildPhases = (
				04D6A01D1D74C6F900E290B6 /* Sources */,
				04D6A01E1D74C6F900E290B6 /* Frameworks */,
				04D6A01F1D74C6F900E290B6 /* Resources */,
			);
			buildRules = (
			);
			dependencies = (
			);
			name = "压缩与解压缩";
			productName = "压缩与解压缩";
			productReference = 04D6A0211D74C6F900E290B6 /* 压缩与解压缩.app */;
			productType = "com.apple.product-type.application";
		};
/* End PBXNativeTarget section */

/* Begin PBXProject section */
		04D6A0191D74C6F900E290B6 /* Project object */ = {
			isa = PBXProject;
			attributes = {
				LastUpgradeCheck = 0720;
				ORGANIZATIONNAME = mac;
				TargetAttributes = {
					04D6A0201D74C6F900E290B6 = {
						CreatedOnToolsVersion = 7.2;
					};
				};
			};
			buildConfigurationList = 04D6A01C1D74C6F900E290B6 /* Build configuration list for PBXProject "压缩与解压缩" */;
			compatibilityVersion = "Xcode 3.2";
			developmentRegion = English;
			hasScannedForEncodings = 0;
			knownRegions = (
				en,
				Base,
			);
			mainGroup = 04D6A0181D74C6F900E290B6;
			productRefGroup = 04D6A0221D74C6F900E290B6 /* Products */;
			projectDirPath = "";
			projectRoot = "";
			targets = (
				04D6A0201D74C6F900E290B6 /* 压缩与解压缩 */,
			);
		};
/* End PBXProject section */

/* Begin PBXResourcesBuildPhase section */
		04D6A01F1D74C6F900E290B6 /* Resources */ = {
			isa = PBXResourcesBuildPhase;
			buildActionMask = 2147483647;
			files = (
				04D6A0341D74C6F900E290B6 /* LaunchScreen.storyboard in Resources */,
				04D6A0311D74C6F900E290B6 /* Assets.xcassets in Resources */,
				04D6A02F1D74C6F900E290B6 /* Main.storyboard in Resources */,
			);
			runOnlyForDeploymentPostprocessing = 0;
		};
/* End PBXResourcesBuildPhase section */

/* Begin PBXSourcesBuildPhase section */
		04D6A01D1D74C6F900E290B6 /* Sources */ = {
			isa = PBXSourcesBuildPhase;
			buildActionMask = 2147483647;
			files = (
				04D6A04A1D74C88C00E290B6 /* unzip.c in Sources */,
				04D6A02C1D74C6F900E290B6 /* ViewController.m in Sources */,
				04D6A0291D74C6F900E290B6 /* AppDelegate.m in Sources */,
				04D6A0481D74C88C00E290B6 /* ioapi.c in Sources */,
				04D6A04C1D74C88C00E290B6 /* SSZipArchive.m in Sources */,
				04D6A04B1D74C88C00E290B6 /* zip.c in Sources */,
				04D6A0261D74C6F900E290B6 /* main.m in Sources */,
				04D6A0491D74C88C00E290B6 /* mztools.c in Sources */,
			);
			runOnlyForDeploymentPostprocessing = 0;
		};
/* End PBXSourcesBuildPhase section */

/* Begin PBXVariantGroup section */
		04D6A02D1D74C6F900E290B6 /* Main.storyboard */ = {
			isa = PBXVariantGroup;
			children = (
				04D6A02E1D74C6F900E290B6 /* Base */,
			);
			name = Main.storyboard;
			sourceTree = "<group>";
		};
		04D6A0321D74C6F900E290B6 /* LaunchScreen.storyboard */ = {
			isa = PBXVariantGroup;
			children = (
				04D6A0331D74C6F900E290B6 /* Base */,
			);
			name = LaunchScreen.storyboard;
			sourceTree = "<group>";
		};
/* End PBXVariantGroup section */

/* Begin XCBuildConfiguration section */
		04D6A0361D74C6F900E290B6 /* Debug */ = {
			isa = XCBuildConfiguration;
			buildSettings = {
				ALWAYS_SEARCH_USER_PATHS = NO;
				CLANG_CXX_LANGUAGE_STANDARD = "gnu++0x";
				CLANG_CXX_LIBRARY = "libc++";
				CLANG_ENABLE_MODULES = YES;
				CLANG_ENABLE_OBJC_ARC = YES;
				CLANG_WARN_BOOL_CONVERSION = YES;
				CLANG_WARN_CONSTANT_CONVERSION = YES;
				CLANG_WARN_DIRECT_OBJC_ISA_USAGE = YES_ERROR;
				CLANG_WARN_EMPTY_BODY = YES;
				CLANG_WARN_ENUM_CONVERSION = YES;
				CLANG_WARN_INT_CONVERSION = YES;
				CLANG_WARN_OBJC_ROOT_CLASS = YES_ERROR;
				CLANG_WARN_UNREACHABLE_CODE = YES;
				CLANG_WARN__DUPLICATE_METHOD_MATCH = YES;
				"CODE_SIGN_IDENTITY[sdk=iphoneos*]" = "iPhone Developer";
				COPY_PHASE_STRIP = NO;
				DEBUG_INFORMATION_FORMAT = dwarf;
				ENABLE_STRICT_OBJC_MSGSEND = YES;
				ENABLE_TESTABILITY = YES;
				GCC_C_LANGUAGE_STANDARD = gnu99;
				GCC_DYNAMIC_NO_PIC = NO;
				GCC_NO_COMMON_BLOCKS = YES;
				GCC_OPTIMIZATION_LEVEL = 0;
				GCC_PREPROCESSOR_DEFINITIONS = (
					"DEBUG=1",
					"$(inherited)",
				);
				GCC_WARN_64_TO_32_BIT_CONVERSION = YES;
				GCC_WARN_ABOUT_RETURN_TYPE = YES_ERROR;
				GCC_WARN_UNDECLARED_SELECTOR = YES;
				GCC_WARN_UNINITIALIZED_AUTOS = YES_AGGRESSIVE;
				GCC_WARN_UNUSED_FUNCTION = YES;
				GCC_WARN_UNUSED_VARIABLE = YES;
				IPHONEOS_DEPLOYMENT_TARGET = 9.2;
				MTL_ENABLE_DEBUG_INFO = YES;
				ONLY_ACTIVE_ARCH = YES;
				SDKROOT = iphoneos;
				TARGETED_DEVICE_FAMILY = "1,2";
			};
			name = Debug;
		};
		04D6A0371D74C6F900E290B6 /* Release */ = {
			isa = XCBuildConfiguration;
			buildSettings = {
				ALWAYS_SEARCH_USER_PATHS = NO;
				CLANG_CXX_LANGUAGE_STANDARD = "gnu++0x";
				CLANG_CXX_LIBRARY = "libc++";
				CLANG_ENABLE_MODULES = YES;
				CLANG_ENABLE_OBJC_ARC = YES;
				CLANG_WARN_BOOL_CONVERSION = YES;
				CLANG_WARN_CONSTANT_CONVERSION = YES;
				CLANG_WARN_DIRECT_OBJC_ISA_USAGE = YES_ERROR;
				CLANG_WARN_EMPTY_BODY = YES;
				CLANG_WARN_ENUM_CONVERSION = YES;
				CLANG_WARN_INT_CONVERSION = YES;
				CLANG_WARN_OBJC_ROOT_CLASS = YES_ERROR;
				CLANG_WARN_UNREACHABLE_CODE = YES;
				CLANG_WARN__DUPLICATE_METHOD_MATCH = YES;
				"CODE_SIGN_IDENTITY[sdk=iphoneos*]" = "iPhone Developer";
				COPY_PHASE_STRIP = NO;
				DEBUG_INFORMATION_FORMAT = "dwarf-with-dsym";
				ENABLE_NS_ASSERTIONS = NO;
				ENABLE_STRICT_OBJC_MSGSEND = YES;
				GCC_C_LANGUAGE_STANDARD = gnu99;
				GCC_NO_COMMON_BLOCKS = YES;
				GCC_WARN_64_TO_32_BIT_CONVERSION = YES;
				GCC_WARN_ABOUT_RETURN_TYPE = YES_ERROR;
				GCC_WARN_UNDECLARED_SELECTOR = YES;
				GCC_WARN_UNINITIALIZED_AUTOS = YES_AGGRESSIVE;
				GCC_WARN_UNUSED_FUNCTION = YES;
				GCC_WARN_UNUSED_VARIABLE = YES;
				IPHONEOS_DEPLOYMENT_TARGET = 9.2;
				MTL_ENABLE_DEBUG_INFO = NO;
				SDKROOT = iphoneos;
				TARGETED_DEVICE_FAMILY = "1,2";
				VALIDATE_PRODUCT = YES;
			};
			name = Release;
		};
		04D6A0391D74C6F900E290B6 /* Debug */ = {
			isa = XCBuildConfiguration;
			buildSettings = {
				ASSETCATALOG_COMPILER_APPICON_NAME = AppIcon;
				INFOPLIST_FILE = "压缩与解压缩/Info.plist";
				LD_RUNPATH_SEARCH_PATHS = "$(inherited) @executable_path/Frameworks";
				PRODUCT_BUNDLE_IDENTIFIER = "shengmingzhouqi.------";
				PRODUCT_NAME = "$(TARGET_NAME)";
			};
			name = Debug;
		};
		04D6A03A1D74C6F900E290B6 /* Release */ = {
			isa = XCBuildConfiguration;
			buildSettings = {
				ASSETCATALOG_COMPILER_APPICON_NAME = AppIcon;
				INFOPLIST_FILE = "压缩与解压缩/Info.plist";
				LD_RUNPATH_SEARCH_PATHS = "$(inherited) @executable_path/Frameworks";
				PRODUCT_BUNDLE_IDENTIFIER = "shengmingzhouqi.------";
				PRODUCT_NAME = "$(TARGET_NAME)";
			};
			name = Release;
		};
/* End XCBuildConfiguration section */

/* Begin XCConfigurationList section */
		04D6A01C1D74C6F900E290B6 /* Build configuration list for PBXProject "压缩与解压缩" */ = {
			isa = XCConfigurationList;
			buildConfigurations = (
				04D6A0361D74C6F900E290B6 /* Debug */,
				04D6A0371D74C6F900E290B6 /* Release */,
			);
			defaultConfigurationIsVisible = 0;
			defaultConfigurationName = Release;
		};
		04D6A0381D74C6F900E290B6 /* Build configuration list for PBXNativeTarget "压缩与解压缩" */ = {
			isa = XCConfigurationList;
			buildConfigurations = (
				04D6A0391D74C6F900E290B6 /* Debug */,
				04D6A03A1D74C6F900E290B6 /* Release */,
			);
			defaultConfigurationIsVisible = 0;
		};
/* End XCConfigurationList section */
	};
	rootObject = 04D6A0191D74C6F900E290B6 /* Project object */;
}
